
Microsoft Visual Studio Solution File, Format Version 10.00
# Visual Studio 2008
Project("{FAE04EC0-301F-11D3-BF4B-00C04F79EFBC}") = "ConsoleHost", "ConsoleHost\ConsoleHost.csproj", "{4370C24B-D4C0-43F1-AC09-B594351F494E}"
EndProject
Project("{FAE04EC0-301F-11D3-BF4B-00C04F79EFBC}") = "WebHost", "WebHost\WebHost.csproj", "{4034C341-4F8E-4899-9915-12DFDB1D3BB3}"
EndProject
Project("{FAE04EC0-301F-11D3-BF4B-00C04F79EFBC}") = "IService", "IService\IService.csproj", "{3F14EF87-1484-49BE-9295-E049249B604E}"
EndProject
Project("{FAE04EC0-301F-11D3-BF4B-00C04F79EFBC}") = "Service", "Service\Service.csproj", "{C836A29E-65C5-4792-BB50-224DC10E9A2B}"
EndProject
Global
	GlobalSection(SolutionConfigurationPlatforms) = preSolution
		Debug|Any CPU = Debug|Any CPU
		Release|Any CPU = Release|Any CPU
	EndGlobalSection
	GlobalSection(ProjectConfigurationPlatforms) = postSolution
		{4370C24B-D4C0-43F1-AC09-B594351F494E}.Debug|Any CPU.ActiveCfg = Debug|Any CPU
		{4370C24B-D4C0-43F1-AC09-B594351F494E}.Debug|Any CPU.Build.0 = Debug|Any CPU
		{4370C24B-D4C0-43F1-AC09-B594351F494E}.Release|Any CPU.ActiveCfg = Release|Any CPU
		{4370C24B-D4C0-43F1-AC09-B594351F494E}.Release|Any CPU.Build.0 = Release|Any CPU
		{4034C341-4F8E-4899-9915-12DFDB1D3BB3}.Debug|Any CPU.ActiveCfg = Debug|Any CPU
		{4034C341-4F8E-4899-9915-12DFDB1D3BB3}.Debug|Any CPU.Build.0 = Debug|Any CPU
		{4034C341-4F8E-4899-9915-12DFDB1D3BB3}.Release|Any CPU.ActiveCfg = Release|Any CPU
		{4034C341-4F8E-4899-9915-12DFDB1D3BB3}.Release|Any CPU.Build.0 = Release|Any CPU
		{3F14EF87-1484-49BE-9295-E049249B604E}.Debug|Any CPU.ActiveCfg = Debug|Any CPU
		{3F14EF87-1484-49BE-9295-E049249B604E}.Debug|Any CPU.Build.0 = Debug|Any CPU
		{3F14EF87-1484-49BE-9295-E049249B604E}.Release|Any CPU.ActiveCfg = Release|Any CPU
		{3F14EF87-1484-49BE-9295-E049249B604E}.Release|Any CPU.Build.0 = Release|Any CPU
		{C836A29E-65C5-4792-BB50-224DC10E9A2B}.Debug|Any CPU.ActiveCfg = Debug|Any CPU
		{C836A29E-65C5-4792-BB50-224DC10E9A2B}.Debug|Any CPU.Build.0 = Debug|Any CPU
		{C836A29E-65C5-4792-BB50-224DC10E9A2B}.Release|Any CPU.ActiveCfg = Release|Any CPU
		{C836A29E-65C5-4792-BB50-224DC10E9A2B}.Release|Any CPU.Build.0 = Release|Any CPU
	EndGlobalSection
	GlobalSection(SolutionProperties) = preSolution
		HideSolutionNode = FALSE
	EndGlobalSection
EndGlobal
